
Microsoft Visual Studio Solution File, Format Version 12.00
# Visual Studio 2013
VisualStudioVersion = 12.0.40629.0
MinimumVisualStudioVersion = 10.0.40219.1
Project("{FAE04EC0-301F-11D3-BF4B-00C04F79EFBC}") = "Taimer1", "Taimer1\Taimer1.csproj", "{DFB70DB3-A5B6-4CA3-A1F3-D85B42071A0F}"
EndProject
Project("{6141683F-8A12-4E36-9623-2EB02B2C2303}") = "Setup1", "Setup1\Setup1.isproj", "{F745CCDC-51C0-4F88-B897-4908CA24F1E1}"
	ProjectSection(ProjectDependencies) = postProject
		{DFB70DB3-A5B6-4CA3-A1F3-D85B42071A0F} = {DFB70DB3-A5B6-4CA3-A1F3-D85B42071A0F}
	EndProjectSection
EndProject
Project("{6141683F-8A12-4E36-9623-2EB02B2C2303}") = "Helper", "Helper\Helper.isproj", "{F5A95BEF-7962-465A-AF1A-2EA503A71C80}"
	ProjectSection(ProjectDependencies) = postProject
		{DFB70DB3-A5B6-4CA3-A1F3-D85B42071A0F} = {DFB70DB3-A5B6-4CA3-A1F3-D85B42071A0F}
	EndProjectSection
EndProject
Project("{6141683F-8A12-4E36-9623-2EB02B2C2303}") = "Helpers", "Helpers\Helpers.isproj", "{5573B7F5-945A-44D9-A790-D781DD501E78}"
	ProjectSection(ProjectDependencies) = postProject
		{DFB70DB3-A5B6-4CA3-A1F3-D85B42071A0F} = {DFB70DB3-A5B6-4CA3-A1F3-D85B42071A0F}
	EndProjectSection
EndProject
Project("{6141683F-8A12-4E36-9623-2EB02B2C2303}") = "Helper 2.0", "Helper 2.0\Helper 2.0.isproj", "{B19117C4-9DD7-435B-B114-ABDE72E1E54B}"
	ProjectSection(ProjectDependencies) = postProject
		{DFB70DB3-A5B6-4CA3-A1F3-D85B42071A0F} = {DFB70DB3-A5B6-4CA3-A1F3-D85B42071A0F}
	EndProjectSection
EndProject
Global
	GlobalSection(SolutionConfigurationPlatforms) = preSolution
		CD_ROM|Any CPU = CD_ROM|Any CPU
		Debug|Any CPU = Debug|Any CPU
		DVD-5|Any CPU = DVD-5|Any CPU
		Release|Any CPU = Release|Any CPU
		SingleImage|Any CPU = SingleImage|Any CPU
	EndGlobalSection
	GlobalSection(ProjectConfigurationPlatforms) = postSolution
		{DFB70DB3-A5B6-4CA3-A1F3-D85B42071A0F}.CD_ROM|Any CPU.ActiveCfg = Release|Any CPU
		{DFB70DB3-A5B6-4CA3-A1F3-D85B42071A0F}.CD_ROM|Any CPU.Build.0 = Release|Any CPU
		{DFB70DB3-A5B6-4CA3-A1F3-D85B42071A0F}.Debug|Any CPU.ActiveCfg = Debug|Any CPU
		{DFB70DB3-A5B6-4CA3-A1F3-D85B42071A0F}.Debug|Any CPU.Build.0 = Debug|Any CPU
		{DFB70DB3-A5B6-4CA3-A1F3-D85B42071A0F}.DVD-5|Any CPU.ActiveCfg = Debug|Any CPU
		{DFB70DB3-A5B6-4CA3-A1F3-D85B42071A0F}.DVD-5|Any CPU.Build.0 = Debug|Any CPU
		{DFB70DB3-A5B6-4CA3-A1F3-D85B42071A0F}.Release|Any CPU.ActiveCfg = Release|Any CPU
		{DFB70DB3-A5B6-4CA3-A1F3-D85B42071A0F}.Release|Any CPU.Build.0 = Release|Any CPU
		{DFB70DB3-A5B6-4CA3-A1F3-D85B42071A0F}.SingleImage|Any CPU.ActiveCfg = Release|Any CPU
		{DFB70DB3-A5B6-4CA3-A1F3-D85B42071A0F}.SingleImage|Any CPU.Build.0 = Release|Any CPU
		{F745CCDC-51C0-4F88-B897-4908CA24F1E1}.CD_ROM|Any CPU.ActiveCfg = CD_ROM
		{F745CCDC-51C0-4F88-B897-4908CA24F1E1}.CD_ROM|Any CPU.Build.0 = CD_ROM
		{F745CCDC-51C0-4F88-B897-4908CA24F1E1}.Debug|Any CPU.ActiveCfg = DVD-5
		{F745CCDC-51C0-4F88-B897-4908CA24F1E1}.Debug|Any CPU.Build.0 = DVD-5
		{F745CCDC-51C0-4F88-B897-4908CA24F1E1}.DVD-5|Any CPU.ActiveCfg = DVD-5
		{F745CCDC-51C0-4F88-B897-4908CA24F1E1}.DVD-5|Any CPU.Build.0 = DVD-5
		{F745CCDC-51C0-4F88-B897-4908CA24F1E1}.Release|Any CPU.ActiveCfg = SingleImage
		{F745CCDC-51C0-4F88-B897-4908CA24F1E1}.Release|Any CPU.Build.0 = SingleImage
		{F745CCDC-51C0-4F88-B897-4908CA24F1E1}.SingleImage|Any CPU.ActiveCfg = SingleImage
		{F745CCDC-51C0-4F88-B897-4908CA24F1E1}.SingleImage|Any CPU.Build.0 = SingleImage
		{F5A95BEF-7962-465A-AF1A-2EA503A71C80}.CD_ROM|Any CPU.ActiveCfg = CD_ROM
		{F5A95BEF-7962-465A-AF1A-2EA503A71C80}.CD_ROM|Any CPU.Build.0 = CD_ROM
		{F5A95BEF-7962-465A-AF1A-2EA503A71C80}.Debug|Any CPU.ActiveCfg = DVD-5
		{F5A95BEF-7962-465A-AF1A-2EA503A71C80}.Debug|Any CPU.Build.0 = DVD-5
		{F5A95BEF-7962-465A-AF1A-2EA503A71C80}.DVD-5|Any CPU.ActiveCfg = DVD-5
		{F5A95BEF-7962-465A-AF1A-2EA503A71C80}.DVD-5|Any CPU.Build.0 = DVD-5
		{F5A95BEF-7962-465A-AF1A-2EA503A71C80}.Release|Any CPU.ActiveCfg = SingleImage
		{F5A95BEF-7962-465A-AF1A-2EA503A71C80}.Release|Any CPU.Build.0 = SingleImage
		{F5A95BEF-7962-465A-AF1A-2EA503A71C80}.SingleImage|Any CPU.ActiveCfg = SingleImage
		{F5A95BEF-7962-465A-AF1A-2EA503A71C80}.SingleImage|Any CPU.Build.0 = SingleImage
		{5573B7F5-945A-44D9-A790-D781DD501E78}.CD_ROM|Any CPU.ActiveCfg = CD_ROM
		{5573B7F5-945A-44D9-A790-D781DD501E78}.CD_ROM|Any CPU.Build.0 = CD_ROM
		{5573B7F5-945A-44D9-A790-D781DD501E78}.Debug|Any CPU.ActiveCfg = DVD-5
		{5573B7F5-945A-44D9-A790-D781DD501E78}.Debug|Any CPU.Build.0 = DVD-5
		{5573B7F5-945A-44D9-A790-D781DD501E78}.DVD-5|Any CPU.ActiveCfg = DVD-5
		{5573B7F5-945A-44D9-A790-D781DD501E78}.DVD-5|Any CPU.Build.0 = DVD-5
		{5573B7F5-945A-44D9-A790-D781DD501E78}.Release|Any CPU.ActiveCfg = SingleImage
		{5573B7F5-945A-44D9-A790-D781DD501E78}.Release|Any CPU.Build.0 = SingleImage
		{5573B7F5-945A-44D9-A790-D781DD501E78}.SingleImage|Any CPU.ActiveCfg = SingleImage
		{5573B7F5-945A-44D9-A790-D781DD501E78}.SingleImage|Any CPU.Build.0 = SingleImage
		{B19117C4-9DD7-435B-B114-ABDE72E1E54B}.CD_ROM|Any CPU.ActiveCfg = CD_ROM
		{B19117C4-9DD7-435B-B114-ABDE72E1E54B}.CD_ROM|Any CPU.Build.0 = CD_ROM
		{B19117C4-9DD7-435B-B114-ABDE72E1E54B}.Debug|Any CPU.ActiveCfg = DVD-5
		{B19117C4-9DD7-435B-B114-ABDE72E1E54B}.Debug|Any CPU.Build.0 = DVD-5
		{B19117C4-9DD7-435B-B114-ABDE72E1E54B}.DVD-5|Any CPU.ActiveCfg = DVD-5
		{B19117C4-9DD7-435B-B114-ABDE72E1E54B}.DVD-5|Any CPU.Build.0 = DVD-5
		{B19117C4-9DD7-435B-B114-ABDE72E1E54B}.Release|Any CPU.ActiveCfg = SingleImage
		{B19117C4-9DD7-435B-B114-ABDE72E1E54B}.Release|Any CPU.Build.0 = SingleImage
		{B19117C4-9DD7-435B-B114-ABDE72E1E54B}.SingleImage|Any CPU.ActiveCfg = SingleImage
		{B19117C4-9DD7-435B-B114-ABDE72E1E54B}.SingleImage|Any CPU.Build.0 = SingleImage
	EndGlobalSection
	GlobalSection(SolutionProperties) = preSolution
		HideSolutionNode = FALSE
	EndGlobalSection
EndGlobal
